%{
  "birl": {:hex, :birl, "1.7.1", "f4d129b9d5af8e370abe8fa865e389c4862db21b2e2902973c62bdb758f8fbbc", [:gleam], [{:gleam_stdlib, "~> 0.38 or ~> 1.0", [hex: :gleam_stdlib, repo: "hexpm", optional: false]}, {:ranger, "~> 1.2", [hex: :ranger, repo: "hexpm", optional: false]}], "hexpm", "5c66647d62bcb11fe327e7a6024907c4a17954ef22865fe0940b54a852446d01"},
  "directories": {:hex, :directories, "1.1.0", "bfb9bcea5d7184f36384ef11e94044c2f2fe4c62add4b4deb242f76fe57256dc", [:gleam], [{:envoy, ">= 1.0.1 and < 2.0.0", [hex: :envoy, repo: "hexpm", optional: false]}, {:gleam_stdlib, ">= 0.34.0 and < 2.0.0", [hex: :gleam_stdlib, repo: "hexpm", optional: false]}, {:platform, ">= 1.0.0 and < 2.0.0", [hex: :platform, repo: "hexpm", optional: false]}, {:simplifile, ">= 2.0.1 and < 3.0.0", [hex: :simplifile, repo: "hexpm", optional: false]}], "hexpm", "bda521a4eb9ee3a7894f0dc863797878e91ff5c7826f7084b2e731e208bdb076"},
  "earmark_parser": {:hex, :earmark_parser, "1.4.41", "ab34711c9dc6212dda44fcd20ecb87ac3f3fce6f0ca2f28d4a00e4154f8cd599", [:mix], [], "hexpm", "a81a04c7e34b6617c2792e291b5a2e57ab316365c2644ddc553bb9ed863ebefa"},
  "envoy": {:hex, :envoy, "1.0.1", "d0afff5945e8d7a181d20f83c303b2c1d4e47c436b07edab28b1a30b233b9e25", [:gleam], [{:gleam_stdlib, "~> 0.34", [hex: :gleam_stdlib, repo: "hexpm", optional: false]}], "hexpm", "cfaacccfc47654f7e8b75e614746ed924c65bd08b1de21101548ac314a8b6a41"},
  "ex_doc": {:hex, :ex_doc, "0.34.2", "13eedf3844ccdce25cfd837b99bea9ad92c4e511233199440488d217c92571e8", [:mix], [{:earmark_parser, "~> 1.4.39", [hex: :earmark_parser, repo: "hexpm", optional: false]}, {:makeup_c, ">= 0.1.0", [hex: :makeup_c, repo: "hexpm", optional: true]}, {:makeup_elixir, "~> 0.14 or ~> 1.0", [hex: :makeup_elixir, repo: "hexpm", optional: false]}, {:makeup_erlang, "~> 0.1 or ~> 1.0", [hex: :makeup_erlang, repo: "hexpm", optional: false]}, {:makeup_html, ">= 0.1.0", [hex: :makeup_html, repo: "hexpm", optional: true]}], "hexpm", "5ce5f16b41208a50106afed3de6a2ed34f4acfd65715b82a0b84b49d995f95c1"},
  "exception": {:hex, :exception, "2.0.0", "f468a29c092a0a2771b34d1ec400338fe5169b1098d6368de1c7d1854ef040b7", [:gleam], [{:gleam_stdlib, "~> 0.30 or ~> 1.0", [hex: :gleam_stdlib, repo: "hexpm", optional: false]}], "hexpm", "f5580d584f16a20b7fcdcabf9e9be9a2c1f6ac4f9176fa6dd0b63e3b20d450aa"},
  "filepath": {:hex, :filepath, "1.0.0", "a96e90c68298c1450b4a912a9afd408492a9a8063517845b9ae6e715b606569b", [:gleam], [{:gleam_stdlib, "~> 0.32", [hex: :gleam_stdlib, repo: "hexpm", optional: false]}], "hexpm", "efb6ff65c98b2a16378abc3ee2b14124168c0ce5201553de652e2644dcfdb594"},
  "gleam_crypto": {:hex, :gleam_crypto, "1.4.0", "928f75b37597fdb253fc127a8a73a79ad2521b9c7899c89b171c1f4a829b30a0", [:gleam], [{:gleam_stdlib, "~> 0.32", [hex: :gleam_stdlib, repo: "hexpm", optional: false]}], "hexpm", "8ae56026b3e05ebb1f076778478a762e9eb62b31aeeb4285755452f397029d22"},
  "gleam_erlang": {:hex, :gleam_erlang, "0.27.0", "57cde647c6ad178e08337c1e907e5c5b294f0cfe430b04f05773f1026705895f", [:gleam], [{:gleam_stdlib, ">= 0.33.0 and < 2.0.0", [hex: :gleam_stdlib, repo: "hexpm", optional: false]}], "hexpm", "de468f676d71b313c6c8c5334425cfcf827837333f8ab47b64d8a6d7aa40185d"},
  "gleam_http": {:hex, :gleam_http, "3.7.0", "d1f8bd7153c6dc77ed4412d99f33d930d5eab832769afda54597f27865390b3b", [:gleam], [{:gleam_stdlib, "~> 0.32", [hex: :gleam_stdlib, repo: "hexpm", optional: false]}], "hexpm", "ea66440c2269f7ced0f6845e5bd0db68095775d627fa709a841ca78a398d6d56"},
  "gleam_json": {:hex, :gleam_json, "2.0.0", "21ad6508bf706d6233c4bccf8ff9c48e4a9ab81872a916c875ed93240a442b81", [:gleam], [{:gleam_stdlib, ">= 0.19.0 and < 2.0.0", [hex: :gleam_stdlib, repo: "hexpm", optional: false]}], "hexpm", "cb10b0e7bf44282fb25162f1a24c1a025f6b93e777ccf238c4017e4eef2cde97"},
  "gleam_otp": {:hex, :gleam_otp, "0.12.1", "5378e7b6b06b5722a8a6fb37fb1acac4bdb16043f8b86f13f22e56b465aba860", [:gleam], [{:gleam_erlang, "~> 0.22", [hex: :gleam_erlang, repo: "hexpm", optional: false]}, {:gleam_stdlib, "~> 0.32", [hex: :gleam_stdlib, repo: "hexpm", optional: false]}], "hexpm", "bfacc1513410df5a1617169a9cd7ea334973ac71d860a17574ba7b2eadd89a6f"},
  "gleam_stdlib": {:hex, :gleam_stdlib, "0.40.0", "dc413e84ff884f5d344f1d20ff136cf4da2f3cb1bf511656855e62ee90b7bafc", [:gleam], [], "hexpm", "86606b75a600bbd05e539eb59fabc6e307eeea7b1e5865afb6d980a93bcb2181"},
  "glisten": {:hex, :glisten, "6.0.0", "45162eab602d6b4d7f89eba65cdd1b13fcaa573718f91df527c9ca9ac3725073", [:gleam], [{:gleam_erlang, ">= 0.25.0 and < 1.0.0", [hex: :gleam_erlang, repo: "hexpm", optional: false]}, {:gleam_otp, ">= 0.10.0 and < 1.0.0", [hex: :gleam_otp, repo: "hexpm", optional: false]}, {:gleam_stdlib, ">= 0.39.0 and < 1.0.0", [hex: :gleam_stdlib, repo: "hexpm", optional: false]}, {:logging, ">= 1.3.0 and < 2.0.0", [hex: :logging, repo: "hexpm", optional: false]}, {:telemetry, ">= 1.2.1 and < 2.0.0", [hex: :telemetry, repo: "hexpm", optional: false]}], "hexpm", "912132751031473cb38f454120124ffc96af6b0ea33d92c9c90db16327a2a972"},
  "gramps": {:hex, :gramps, "2.0.3", "cb8a740d8a2b16e34fde4fe22bb0a207518e55f0a5c7008f77853564c96b9246", [:gleam], [{:gleam_crypto, ">= 1.3.0 and < 2.0.0", [hex: :gleam_crypto, repo: "hexpm", optional: false]}, {:gleam_erlang, ">= 0.25.0 and < 1.0.0", [hex: :gleam_erlang, repo: "hexpm", optional: false]}, {:gleam_http, ">= 3.6.0 and < 4.0.0", [hex: :gleam_http, repo: "hexpm", optional: false]}, {:gleam_stdlib, ">= 0.38.0 and < 1.0.0", [hex: :gleam_stdlib, repo: "hexpm", optional: false]}], "hexpm", "3ccaa6e081225180d95c79679d383bbf51c8d1fdc1b84da1da444f628c373793"},
  "hpack_erl": {:hex, :hpack_erl, "0.3.0", "2461899cc4ab6a0ef8e970c1661c5fc6a52d3c25580bc6dd204f84ce94669926", [:rebar3], [], "hexpm", "d6137d7079169d8c485c6962dfe261af5b9ef60fbc557344511c1e65e3d95fb0"},
  "logging": {:hex, :logging, "1.3.0", "49e2aeadf33a17cb3840be5d506f04017d6804c7b83037289561b9c8de614d59", [:gleam], [{:gleam_stdlib, "~> 0.34 or ~> 1.0", [hex: :gleam_stdlib, repo: "hexpm", optional: false]}], "hexpm", "1098fbf10b54b44c2c7fdf0b01c1253cafacdacabefb4b0d027803246753e06d"},
  "makeup": {:hex, :makeup, "1.1.2", "9ba8837913bdf757787e71c1581c21f9d2455f4dd04cfca785c70bbfff1a76a3", [:mix], [{:nimble_parsec, "~> 1.2.2 or ~> 1.3", [hex: :nimble_parsec, repo: "hexpm", optional: false]}], "hexpm", "cce1566b81fbcbd21eca8ffe808f33b221f9eee2cbc7a1706fc3da9ff18e6cac"},
  "makeup_elixir": {:hex, :makeup_elixir, "0.16.2", "627e84b8e8bf22e60a2579dad15067c755531fea049ae26ef1020cad58fe9578", [:mix], [{:makeup, "~> 1.0", [hex: :makeup, repo: "hexpm", optional: false]}, {:nimble_parsec, "~> 1.2.3 or ~> 1.3", [hex: :nimble_parsec, repo: "hexpm", optional: false]}], "hexpm", "41193978704763f6bbe6cc2758b84909e62984c7752b3784bd3c218bb341706b"},
  "makeup_erlang": {:hex, :makeup_erlang, "1.0.1", "c7f58c120b2b5aa5fd80d540a89fdf866ed42f1f3994e4fe189abebeab610839", [:mix], [{:makeup, "~> 1.0", [hex: :makeup, repo: "hexpm", optional: false]}], "hexpm", "8a89a1eeccc2d798d6ea15496a6e4870b75e014d1af514b1b71fa33134f57814"},
  "marceau": {:hex, :marceau, "1.2.0", "25ed7437360862b5d75c09581c0b61d495611229a4f0634ea29fbf82e050ccf6", [:gleam], [], "hexpm", "5188d643c181ee350d8a20a3bdbd63af7b6c505de333cfbe05ef642add88a59b"},
  "mime": {:hex, :mime, "2.0.6", "8f18486773d9b15f95f4f4f1e39b710045fa1de891fada4516559967276e4dc2", [:mix], [], "hexpm", "c9945363a6b26d747389aac3643f8e0e09d30499a138ad64fe8fd1d13d9b153e"},
  "mist": {:hex, :mist, "3.0.0", "9ccf8219cb7b66a4156c9d49ff76e46d6a5eaff53ec869bc10886b0f0dafa31d", [:gleam], [{:birl, "~> 1.3", [hex: :birl, repo: "hexpm", optional: false]}, {:gleam_erlang, "~> 0.24", [hex: :gleam_erlang, repo: "hexpm", optional: false]}, {:gleam_http, "~> 3.5", [hex: :gleam_http, repo: "hexpm", optional: false]}, {:gleam_otp, "~> 0.9", [hex: :gleam_otp, repo: "hexpm", optional: false]}, {:gleam_stdlib, "~> 0.35 or ~> 1.0", [hex: :gleam_stdlib, repo: "hexpm", optional: false]}, {:glisten, ">= 6.0.0 and < 7.0.0", [hex: :glisten, repo: "hexpm", optional: false]}, {:gramps, "~> 2.0", [hex: :gramps, repo: "hexpm", optional: false]}, {:hpack_erl, "~> 0.3", [hex: :hpack_erl, repo: "hexpm", optional: false]}, {:logging, "~> 1.0", [hex: :logging, repo: "hexpm", optional: false]}], "hexpm", "cda1a74e768419235e16886463ec4722eff4ab3f8d820a76ead45d7c167d7282"},
  "mix_gleam": {:hex, :mix_gleam, "0.1.0", "a0cee5d30de865124a32ca6cd53b64c3e2ac57f12adf6e47b88fb673f47c716e", [:mix], [], "hexpm", "9ff518e6aab444c7f2e74038f9383020ef89810cf1f4402911f33b202ffd72e7"},
  "nimble_parsec": {:hex, :nimble_parsec, "1.4.0", "51f9b613ea62cfa97b25ccc2c1b4216e81df970acd8e16e8d1bdc58fef21370d", [:mix], [], "hexpm", "9c565862810fb383e9838c1dd2d7d2c437b3d13b267414ba6af33e50d2d1cf28"},
  "platform": {:hex, :platform, "1.0.0", "43e61969b4287831853675e2b1a702284bfa48d57ad4798d784103b5340e1f7c", [:gleam], [], "hexpm", "8339420a95ad89aac0f82f4c3db8dd401041742d6c3f46132a8739f6aeb75391"},
  "plug": {:hex, :plug, "1.16.1", "40c74619c12f82736d2214557dedec2e9762029b2438d6d175c5074c933edc9d", [:mix], [{:mime, "~> 1.0 or ~> 2.0", [hex: :mime, repo: "hexpm", optional: false]}, {:plug_crypto, "~> 1.1.1 or ~> 1.2 or ~> 2.0", [hex: :plug_crypto, repo: "hexpm", optional: false]}, {:telemetry, "~> 0.4.3 or ~> 1.0", [hex: :telemetry, repo: "hexpm", optional: false]}], "hexpm", "a13ff6b9006b03d7e33874945b2755253841b238c34071ed85b0e86057f8cddc"},
  "plug_crypto": {:hex, :plug_crypto, "2.1.0", "f44309c2b06d249c27c8d3f65cfe08158ade08418cf540fd4f72d4d6863abb7b", [:mix], [], "hexpm", "131216a4b030b8f8ce0f26038bc4421ae60e4bb95c5cf5395e1421437824c4fa"},
  "ranger": {:hex, :ranger, "1.2.0", "cab67ec8248a8fe68261f06e32a724a138275c44aad02e03d344a09f49dd13d0", [:gleam], [{:gleam_stdlib, "~> 0.36 or ~> 1.0", [hex: :gleam_stdlib, repo: "hexpm", optional: false]}], "hexpm", "1566c272b1d141b3bba38b25cb761ef56e312e79ec0e2dfd4d3c19fb0cc1f98c"},
  "simplifile": {:hex, :simplifile, "2.2.0", "b887b28e6277f5bfc454facb911f7961b28d198415e1b04f655ec78478e9fe94", [:gleam], [{:filepath, "~> 1.0", [hex: :filepath, repo: "hexpm", optional: false]}, {:gleam_stdlib, "~> 0.34 or ~> 1.0", [hex: :gleam_stdlib, repo: "hexpm", optional: false]}], "hexpm", "0dfabef7dc7a9e2ff4bb27b108034e60c81bebfcb7ab816b9e7e18ed4503acd8"},
  "telemetry": {:hex, :telemetry, "1.3.0", "fedebbae410d715cf8e7062c96a1ef32ec22e764197f70cda73d82778d61e7a2", [:rebar3], [], "hexpm", "7015fc8919dbe63764f4b4b87a95b7c0996bd539e0d499be6ec9d7f3875b79e6"},
  "thoas": {:hex, :thoas, "1.2.1", "19a25f31177a17e74004d4840f66d791d4298c5738790fa2cc73731eb911f195", [:rebar3], [], "hexpm", "e38697edffd6e91bd12cea41b155115282630075c2a727e7a6b2947f5408b86a"},
  "wisp": {:hex, :wisp, "1.2.0", "edcb1fd81997a5e2093d4df6942aa2027d39bae8d0c028483ebf3084cff99209", [:gleam], [{:directories, ">= 1.0.0 and < 2.0.0", [hex: :directories, repo: "hexpm", optional: false]}, {:exception, ">= 2.0.0 and < 3.0.0", [hex: :exception, repo: "hexpm", optional: false]}, {:gleam_crypto, ">= 1.0.0 and < 2.0.0", [hex: :gleam_crypto, repo: "hexpm", optional: false]}, {:gleam_erlang, ">= 0.21.0 and < 2.0.0", [hex: :gleam_erlang, repo: "hexpm", optional: false]}, {:gleam_http, ">= 3.5.0 and < 4.0.0", [hex: :gleam_http, repo: "hexpm", optional: false]}, {:gleam_json, ">= 0.6.0 and < 3.0.0", [hex: :gleam_json, repo: "hexpm", optional: false]}, {:gleam_stdlib, ">= 0.29.0 and < 2.0.0", [hex: :gleam_stdlib, repo: "hexpm", optional: false]}, {:logging, ">= 1.2.0 and < 2.0.0", [hex: :logging, repo: "hexpm", optional: false]}, {:marceau, ">= 1.1.0 and < 2.0.0", [hex: :marceau, repo: "hexpm", optional: false]}, {:mist, ">= 1.2.0 and < 4.0.0", [hex: :mist, repo: "hexpm", optional: false]}, {:simplifile, ">= 2.0.0 and < 3.0.0", [hex: :simplifile, repo: "hexpm", optional: false]}], "hexpm", "f71265d2f1de11426535a2fa1da3b11d2ffb783b116df9496bc8c41983ebadb4"},
}
